
Microsoft Visual Studio Solution File, Format Version 12.00
# Visual Studio Version 16
VisualStudioVersion = 16.0.30413.136
MinimumVisualStudioVersion = 10.0.40219.1
Project("{FAE04EC0-301F-11D3-BF4B-00C04F79EFBC}") = "Lab6", "Lab6\Lab6.csproj", "{70D1752D-9A9D-40CF-906F-B1E9C219597D}"
EndProject
Global
	GlobalSection(SolutionConfigurationPlatforms) = preSolution
		Debug|Any CPU = Debug|Any CPU
		Release|Any CPU = Release|Any CPU
	EndGlobalSection
	GlobalSection(ProjectConfigurationPlatforms) = postSolution
		{70D1752D-9A9D-40CF-906F-B1E9C219597D}.Debug|Any CPU.ActiveCfg = Debug|Any CPU
		{70D1752D-9A9D-40CF-906F-B1E9C219597D}.Debug|Any CPU.Build.0 = Debug|Any CPU
		{70D1752D-9A9D-40CF-906F-B1E9C219597D}.Release|Any CPU.ActiveCfg = Release|Any CPU
		{70D1752D-9A9D-40CF-906F-B1E9C219597D}.Release|Any CPU.Build.0 = Release|Any CPU
	EndGlobalSection
	GlobalSection(SolutionProperties) = preSolution
		HideSolutionNode = FALSE
	EndGlobalSection
	GlobalSection(ExtensibilityGlobals) = postSolution
		SolutionGuid = {FD0A3DA9-5499-4E07-91A4-C8B286782E44}
	EndGlobalSection
EndGlobal
